
Microsoft Visual Studio Solution File, Format Version 12.00
# Visual Studio 15
VisualStudioVersion = 15.0.27004.2009
MinimumVisualStudioVersion = 10.0.40219.1
Project("{FAE04EC0-301F-11D3-BF4B-00C04F79EFBC}") = "AzureIoTHubSample", "AzureIoTHubSample\AzureIoTHubSample.csproj", "{6B65C8D0-BFE2-41E9-B834-B3AA2B9C3D8E}"
EndProject
Global
	GlobalSection(SolutionConfigurationPlatforms) = preSolution
		Debug|Any CPU = Debug|Any CPU
		Release|Any CPU = Release|Any CPU
	EndGlobalSection
	GlobalSection(ProjectConfigurationPlatforms) = postSolution
		{6B65C8D0-BFE2-41E9-B834-B3AA2B9C3D8E}.Debug|Any CPU.ActiveCfg = Debug|Any CPU
		{6B65C8D0-BFE2-41E9-B834-B3AA2B9C3D8E}.Debug|Any CPU.Build.0 = Debug|Any CPU
		{6B65C8D0-BFE2-41E9-B834-B3AA2B9C3D8E}.Release|Any CPU.ActiveCfg = Release|Any CPU
		{6B65C8D0-BFE2-41E9-B834-B3AA2B9C3D8E}.Release|Any CPU.Build.0 = Release|Any CPU
	EndGlobalSection
	GlobalSection(SolutionProperties) = preSolution
		HideSolutionNode = FALSE
	EndGlobalSection
	GlobalSection(ExtensibilityGlobals) = postSolution
		SolutionGuid = {2F4D20B8-DAA2-4618-B3AF-48D5DD20A850}
	EndGlobalSection
EndGlobal
